
Microsoft Visual Studio Solution File, Format Version 11.00
# Visual Studio 2010
Project("{FAE04EC0-301F-11D3-BF4B-00C04F79EFBC}") = "Unity.Timeline", "Unity.Timeline.csproj", "{8b02261e-e117-b6ed-1654-3b31748974c2}"
EndProject
Project("{FAE04EC0-301F-11D3-BF4B-00C04F79EFBC}") = "Unity.InputSystem", "Unity.InputSystem.csproj", "{5b33fa7d-363a-6c7e-3500-44713356f17d}"
EndProject
Project("{FAE04EC0-301F-11D3-BF4B-00C04F79EFBC}") = "Unity.Timeline.Editor", "Unity.Timeline.Editor.csproj", "{ea4dc624-592d-eaa6-81b2-df9cbe6eb314}"
EndProject
Project("{FAE04EC0-301F-11D3-BF4B-00C04F79EFBC}") = "Unity.Mathematics", "Unity.Mathematics.csproj", "{a7113866-6ca9-4335-95ab-ad57e647de2a}"
EndProject
Project("{FAE04EC0-301F-11D3-BF4B-00C04F79EFBC}") = "Unity.Collections", "Unity.Collections.csproj", "{b0014a15-1e28-dd0f-f451-eb70c464b409}"
EndProject
Project("{FAE04EC0-301F-11D3-BF4B-00C04F79EFBC}") = "UnityEditor.TestRunner", "UnityEditor.TestRunner.csproj", "{223e0180-66a1-1b60-ff99-2a740047dc40}"
EndProject
Project("{FAE04EC0-301F-11D3-BF4B-00C04F79EFBC}") = "Unity.PerformanceTesting.Editor", "Unity.PerformanceTesting.Editor.csproj", "{1698991c-a558-0780-4f39-5720ee151cd0}"
EndProject
Project("{FAE04EC0-301F-11D3-BF4B-00C04F79EFBC}") = "UnityEngine.TestRunner", "UnityEngine.TestRunner.csproj", "{d6ba7eee-21d9-988c-db04-84871a7170c5}"
EndProject
Project("{FAE04EC0-301F-11D3-BF4B-00C04F79EFBC}") = "Unity.Searcher.Editor", "Unity.Searcher.Editor.csproj", "{7a84875b-083a-61f9-0fac-8aeb7d3bb7ec}"
EndProject
Project("{FAE04EC0-301F-11D3-BF4B-00C04F79EFBC}") = "Unity.Burst", "Unity.Burst.csproj", "{36ca536a-0679-bb54-85f0-2e13431d0a94}"
EndProject
Project("{FAE04EC0-301F-11D3-BF4B-00C04F79EFBC}") = "Autodesk.Fbx", "Autodesk.Fbx.csproj", "{9b5f4fd4-d29a-ee27-a50f-b49afe38e666}"
EndProject
Project("{FAE04EC0-301F-11D3-BF4B-00C04F79EFBC}") = "Unity.AI.Navigation.Editor", "Unity.AI.Navigation.Editor.csproj", "{abfa161e-29a4-a497-4c46-d39088525d26}"
EndProject
Project("{FAE04EC0-301F-11D3-BF4B-00C04F79EFBC}") = "Unity.Animation.Rigging", "Unity.Animation.Rigging.csproj", "{d44a7fda-8fe1-924e-d7bd-8ce4a11d87f4}"
EndProject
Project("{FAE04EC0-301F-11D3-BF4B-00C04F79EFBC}") = "Cinemachine", "Cinemachine.csproj", "{5c32dda7-b0a8-0add-28c0-a626d3f930e1}"
EndProject
Project("{FAE04EC0-301F-11D3-BF4B-00C04F79EFBC}") = "Unity.VisualStudio.Editor", "Unity.VisualStudio.Editor.csproj", "{d4c4da92-1486-961d-453d-47efb547cb74}"
EndProject
Project("{FAE04EC0-301F-11D3-BF4B-00C04F79EFBC}") = "Unity.Animation.Rigging.Editor", "Unity.Animation.Rigging.Editor.csproj", "{8d95a285-78b3-b707-f8b3-635903f60ad2}"
EndProject
Project("{FAE04EC0-301F-11D3-BF4B-00C04F79EFBC}") = "Assembly-CSharp", "Assembly-CSharp.csproj", "{a3133bb3-31e8-e0af-3e09-dd0ce00f9867}"
EndProject
Project("{FAE04EC0-301F-11D3-BF4B-00C04F79EFBC}") = "Unity.TestTools.CodeCoverage.Editor.OpenCover.Model", "Unity.TestTools.CodeCoverage.Editor.OpenCover.Model.csproj", "{6df2fc95-7504-8916-be32-20daec9bb02a}"
EndProject
Project("{FAE04EC0-301F-11D3-BF4B-00C04F79EFBC}") = "Unity.Rider.Editor", "Unity.Rider.Editor.csproj", "{4da27dac-89fb-d331-24fa-1087c63b1541}"
EndProject
Project("{FAE04EC0-301F-11D3-BF4B-00C04F79EFBC}") = "com.unity.cinemachine.editor", "com.unity.cinemachine.editor.csproj", "{1159095b-5294-2d4f-438a-2a8f232230ba}"
EndProject
Project("{FAE04EC0-301F-11D3-BF4B-00C04F79EFBC}") = "Unity.AI.Navigation.Editor.ConversionSystem", "Unity.AI.Navigation.Editor.ConversionSystem.csproj", "{d29866f4-f26c-224b-a155-69649a1f011b}"
EndProject
Project("{FAE04EC0-301F-11D3-BF4B-00C04F79EFBC}") = "Unity.TestTools.CodeCoverage.Editor", "Unity.TestTools.CodeCoverage.Editor.csproj", "{72669182-b3de-ae06-ebc2-0214801db0ab}"
EndProject
Project("{FAE04EC0-301F-11D3-BF4B-00C04F79EFBC}") = "Unity.Burst.CodeGen", "Unity.Burst.CodeGen.csproj", "{5747f025-b609-e7fa-f79f-d5d7940381d4}"
EndProject
Project("{FAE04EC0-301F-11D3-BF4B-00C04F79EFBC}") = "Unity.PerformanceTesting", "Unity.PerformanceTesting.csproj", "{6f58d0c2-206a-7486-ddc6-3a67c89da200}"
EndProject
Project("{FAE04EC0-301F-11D3-BF4B-00C04F79EFBC}") = "Unity.AI.Navigation", "Unity.AI.Navigation.csproj", "{8af97b73-ef45-51a0-9ae2-31477def2bfb}"
EndProject
Project("{FAE04EC0-301F-11D3-BF4B-00C04F79EFBC}") = "Unity.Formats.Fbx.Runtime", "Unity.Formats.Fbx.Runtime.csproj", "{f9b4211b-f603-aeec-463c-86863c928c15}"
EndProject
Project("{FAE04EC0-301F-11D3-BF4B-00C04F79EFBC}") = "Unity.Performance.Profile-Analyzer.Editor", "Unity.Performance.Profile-Analyzer.Editor.csproj", "{c6930c98-aae7-b358-0d39-0ff43c3c9dcd}"
EndProject
Project("{FAE04EC0-301F-11D3-BF4B-00C04F79EFBC}") = "Unity.Toolchain.Linux-x86_64", "Unity.Toolchain.Linux-x86_64.csproj", "{32e1eb76-e56b-a287-a633-d132eaf6bb86}"
EndProject
Project("{FAE04EC0-301F-11D3-BF4B-00C04F79EFBC}") = "Unity.Burst.Editor", "Unity.Burst.Editor.csproj", "{f2ab50ed-05f1-49c2-81ea-b33b381b631f}"
EndProject
Project("{FAE04EC0-301F-11D3-BF4B-00C04F79EFBC}") = "Unity.TestTools.CodeCoverage.Editor.OpenCover.Mono.Reflection", "Unity.TestTools.CodeCoverage.Editor.OpenCover.Mono.Reflection.csproj", "{ae51b3b3-82a3-402b-6afb-cd667ca495f9}"
EndProject
Project("{FAE04EC0-301F-11D3-BF4B-00C04F79EFBC}") = "Unity.Sysroot.Linux_x86_64", "Unity.Sysroot.Linux_x86_64.csproj", "{93f358df-21cc-2e38-8703-e3e380ab4071}"
EndProject
Project("{FAE04EC0-301F-11D3-BF4B-00C04F79EFBC}") = "Unity.Formats.Fbx.Editor", "Unity.Formats.Fbx.Editor.csproj", "{365bcc26-b7d0-a07a-1cd4-68ff86359ef8}"
EndProject
Project("{FAE04EC0-301F-11D3-BF4B-00C04F79EFBC}") = "Unity.AI.Navigation.Updater", "Unity.AI.Navigation.Updater.csproj", "{5e264b3f-fbfd-ec3f-ce42-a260735f93dc}"
EndProject
Project("{FAE04EC0-301F-11D3-BF4B-00C04F79EFBC}") = "Unity.Settings.Editor", "Unity.Settings.Editor.csproj", "{8d4b7add-dc84-958e-6094-e6e5800aa8d6}"
EndProject
Project("{FAE04EC0-301F-11D3-BF4B-00C04F79EFBC}") = "Assembly-CSharp-Editor", "Assembly-CSharp-Editor.csproj", "{45957527-37b1-c642-d16f-cfef9e6e9b29}"
EndProject
Project("{FAE04EC0-301F-11D3-BF4B-00C04F79EFBC}") = "Unity.InputSystem.ForUI", "Unity.InputSystem.ForUI.csproj", "{55686284-f575-efb7-4581-c8d9eeb4bcf3}"
EndProject
Project("{FAE04EC0-301F-11D3-BF4B-00C04F79EFBC}") = "Unity.Collections.CodeGen", "Unity.Collections.CodeGen.csproj", "{04f1600d-85bc-2028-d142-6c3b3444c227}"
EndProject
Project("{FAE04EC0-301F-11D3-BF4B-00C04F79EFBC}") = "Unity.Mathematics.Editor", "Unity.Mathematics.Editor.csproj", "{2eb85ee3-21ac-560c-3e5f-04823ac6136c}"
EndProject
Project("{FAE04EC0-301F-11D3-BF4B-00C04F79EFBC}") = "Unity.InputSystem.TestFramework", "Unity.InputSystem.TestFramework.csproj", "{70ab0928-caa7-ab4e-234b-08cf1bd0f7f1}"
EndProject
Project("{FAE04EC0-301F-11D3-BF4B-00C04F79EFBC}") = "Unity.SysrootPackage.Editor", "Unity.SysrootPackage.Editor.csproj", "{c68ee8d4-f9a6-ab8d-48f6-b5e8e9b49ec6}"
EndProject
Project("{FAE04EC0-301F-11D3-BF4B-00C04F79EFBC}") = "Unity.EditorCoroutines.Editor", "Unity.EditorCoroutines.Editor.csproj", "{6b279fc7-aa36-7fad-e272-b19eefdfbb38}"
EndProject
Project("{FAE04EC0-301F-11D3-BF4B-00C04F79EFBC}") = "Unity.Animation.Rigging.DocCodeExamples", "Unity.Animation.Rigging.DocCodeExamples.csproj", "{672cf87f-24b5-a057-9bf0-386e00634530}"
EndProject
Project("{FAE04EC0-301F-11D3-BF4B-00C04F79EFBC}") = "Autodesk.Fbx.Editor", "Autodesk.Fbx.Editor.csproj", "{8732a174-5d5d-4a3d-ef7d-56fef253a340}"
EndProject
Project("{FAE04EC0-301F-11D3-BF4B-00C04F79EFBC}") = "Unity.Collections.Editor", "Unity.Collections.Editor.csproj", "{e0ec7a4c-f1a3-93a7-4412-1793cc568f3e}"
EndProject
Project("{FAE04EC0-301F-11D3-BF4B-00C04F79EFBC}") = "Autodesk.Fbx.BuildTestAssets", "Autodesk.Fbx.BuildTestAssets.csproj", "{bdb715d1-a45c-6f5a-d317-360b111e6f0a}"
EndProject
Project("{FAE04EC0-301F-11D3-BF4B-00C04F79EFBC}") = "Unity.AI.Navigation.Tests.EditorInPlaymode", "Unity.AI.Navigation.Tests.EditorInPlaymode.csproj", "{141ca84a-cedb-d7b1-2809-2f20883b3f15}"
EndProject
Project("{FAE04EC0-301F-11D3-BF4B-00C04F79EFBC}") = "Unity.Mathematics.Tests", "Unity.Mathematics.Tests.csproj", "{596a460a-54e3-678f-cc01-cda7067b9346}"
EndProject
Project("{FAE04EC0-301F-11D3-BF4B-00C04F79EFBC}") = "Unity.Collections.DocCodeSamples", "Unity.Collections.DocCodeSamples.csproj", "{4f938dc6-9429-0c06-eea3-266e65dcc254}"
EndProject
Project("{FAE04EC0-301F-11D3-BF4B-00C04F79EFBC}") = "Autodesk.Fbx.PlayModeTests", "Autodesk.Fbx.PlayModeTests.csproj", "{697c2185-a886-b6e6-c8b0-a027b5ef1e4c}"
EndProject
Project("{FAE04EC0-301F-11D3-BF4B-00C04F79EFBC}") = "Unity.Toolchain.Linux-x86_64.EditorTests", "Unity.Toolchain.Linux-x86_64.EditorTests.csproj", "{75001d15-2157-b895-16e0-d2349d59123b}"
EndProject
Project("{FAE04EC0-301F-11D3-BF4B-00C04F79EFBC}") = "Unity.Searcher.EditorTests", "Unity.Searcher.EditorTests.csproj", "{45a0bff7-a263-47ec-261c-beda6dd161c1}"
EndProject
Project("{FAE04EC0-301F-11D3-BF4B-00C04F79EFBC}") = "Unity.Collections.PerformanceTests", "Unity.Collections.PerformanceTests.csproj", "{ce721a35-b42e-c8b6-9114-0a9ed0bae2c5}"
EndProject
Project("{FAE04EC0-301F-11D3-BF4B-00C04F79EFBC}") = "Unity.AI.Navigation.Tests", "Unity.AI.Navigation.Tests.csproj", "{ac933e63-45b6-dd60-9289-e56058b84a6a}"
EndProject
Project("{FAE04EC0-301F-11D3-BF4B-00C04F79EFBC}") = "Unity.TestTools.CodeCoverage.Editor.Compatibility", "Unity.TestTools.CodeCoverage.Editor.Compatibility.csproj", "{0054af4b-f2fe-f393-5d45-1f2c8d8a8ca1}"
EndProject
Project("{FAE04EC0-301F-11D3-BF4B-00C04F79EFBC}") = "DocCodeExamples", "DocCodeExamples.csproj", "{6f3e032f-e871-e461-58ee-49163999ec47}"
EndProject
Project("{FAE04EC0-301F-11D3-BF4B-00C04F79EFBC}") = "Cinemachine.Editor.Tests", "Cinemachine.Editor.Tests.csproj", "{c34d2b3a-d364-cd26-49f0-89f55266dcff}"
EndProject
Project("{FAE04EC0-301F-11D3-BF4B-00C04F79EFBC}") = "Unity.Collections.Tests", "Unity.Collections.Tests.csproj", "{61505938-e7c3-4476-22fc-43d3e85b856c}"
EndProject
Project("{FAE04EC0-301F-11D3-BF4B-00C04F79EFBC}") = "Unity.Performance.Profile-Analyzer.EditorTests", "Unity.Performance.Profile-Analyzer.EditorTests.csproj", "{e7e49f9b-7eed-d5bc-caa4-2724e5c0fd24}"
EndProject
Project("{FAE04EC0-301F-11D3-BF4B-00C04F79EFBC}") = "Unity.AI.Navigation.LegacyOffMeshLink.Tests", "Unity.AI.Navigation.LegacyOffMeshLink.Tests.csproj", "{6617fb73-8920-a2d6-d2c4-f7aaf345a264}"
EndProject
Project("{FAE04EC0-301F-11D3-BF4B-00C04F79EFBC}") = "Unity.Settings.Tests", "Unity.Settings.Tests.csproj", "{c95042d5-80c4-8829-878f-3b8a7136cec9}"
EndProject
Project("{FAE04EC0-301F-11D3-BF4B-00C04F79EFBC}") = "Unity.AI.Navigation.Editor.Tests", "Unity.AI.Navigation.Editor.Tests.csproj", "{f99b24a9-0240-dfc9-c38c-e5d38d35f495}"
EndProject
Project("{FAE04EC0-301F-11D3-BF4B-00C04F79EFBC}") = "Unity.Sysroot.Linux_x86_64.EditorTests", "Unity.Sysroot.Linux_x86_64.EditorTests.csproj", "{21c91a79-3996-275c-2a26-600f115e81d7}"
EndProject
Project("{FAE04EC0-301F-11D3-BF4B-00C04F79EFBC}") = "Unity.InputSystem.IntegrationTests", "Unity.InputSystem.IntegrationTests.csproj", "{2a4b340c-1bb5-c4e2-b40f-6ee1ed0e8501}"
EndProject
Project("{FAE04EC0-301F-11D3-BF4B-00C04F79EFBC}") = "Autodesk.Fbx.BuildTests", "Autodesk.Fbx.BuildTests.csproj", "{36248473-b995-93e8-11a6-089b45571ee5}"
EndProject
Project("{FAE04EC0-301F-11D3-BF4B-00C04F79EFBC}") = "Unity.Collections.Tests.Playmode", "Unity.Collections.Tests.Playmode.csproj", "{8a75550f-7f0d-1913-4d84-f0e8a6515318}"
EndProject
Project("{FAE04EC0-301F-11D3-BF4B-00C04F79EFBC}") = "Unity.Nuget.Mono-Cecil", "Unity.Nuget.Mono-Cecil.csproj", "{10a668e1-f995-064a-0e16-9cd9609f26b1}"
EndProject
Project("{FAE04EC0-301F-11D3-BF4B-00C04F79EFBC}") = "Unity.Sysroot.EditorTests", "Unity.Sysroot.EditorTests.csproj", "{b57722ac-6b5f-32db-cfc8-3db2266b1efc}"
EndProject
Project("{FAE04EC0-301F-11D3-BF4B-00C04F79EFBC}") = "Cinemachine.Runtime.Tests", "Cinemachine.Runtime.Tests.csproj", "{362f8122-7542-44eb-561b-47ce4d89d47d}"
EndProject
Project("{FAE04EC0-301F-11D3-BF4B-00C04F79EFBC}") = "Autodesk.Fbx.UnitTests", "Autodesk.Fbx.UnitTests.csproj", "{ffab655e-960d-61ce-b1e0-2756bf7b4b89}"
EndProject
Project("{FAE04EC0-301F-11D3-BF4B-00C04F79EFBC}") = "Autodesk.Fbx.UseCaseTests", "Autodesk.Fbx.UseCaseTests.csproj", "{fb3fc576-a63d-d588-c3ac-157ce12927de}"
EndProject
Project("{FAE04EC0-301F-11D3-BF4B-00C04F79EFBC}") = "Unity.Collections.BurstCompatibilityGen", "Unity.Collections.BurstCompatibilityGen.csproj", "{9445fd7c-e06d-4d4b-2ae6-e5f78ad4413e}"
EndProject
Global
	GlobalSection(SolutionConfigurationPlatforms) = preSolution
		Debug|Any CPU = Debug|Any CPU
	EndGlobalSection
	GlobalSection(ProjectConfigurationPlatforms) = postSolution
		{8b02261e-e117-b6ed-1654-3b31748974c2}.Debug|Any CPU.ActiveCfg = Debug|Any CPU
		{8b02261e-e117-b6ed-1654-3b31748974c2}.Debug|Any CPU.Build.0 = Debug|Any CPU
		{5b33fa7d-363a-6c7e-3500-44713356f17d}.Debug|Any CPU.ActiveCfg = Debug|Any CPU
		{5b33fa7d-363a-6c7e-3500-44713356f17d}.Debug|Any CPU.Build.0 = Debug|Any CPU
		{ea4dc624-592d-eaa6-81b2-df9cbe6eb314}.Debug|Any CPU.ActiveCfg = Debug|Any CPU
		{ea4dc624-592d-eaa6-81b2-df9cbe6eb314}.Debug|Any CPU.Build.0 = Debug|Any CPU
		{a7113866-6ca9-4335-95ab-ad57e647de2a}.Debug|Any CPU.ActiveCfg = Debug|Any CPU
		{a7113866-6ca9-4335-95ab-ad57e647de2a}.Debug|Any CPU.Build.0 = Debug|Any CPU
		{b0014a15-1e28-dd0f-f451-eb70c464b409}.Debug|Any CPU.ActiveCfg = Debug|Any CPU
		{b0014a15-1e28-dd0f-f451-eb70c464b409}.Debug|Any CPU.Build.0 = Debug|Any CPU
		{223e0180-66a1-1b60-ff99-2a740047dc40}.Debug|Any CPU.ActiveCfg = Debug|Any CPU
		{223e0180-66a1-1b60-ff99-2a740047dc40}.Debug|Any CPU.Build.0 = Debug|Any CPU
		{1698991c-a558-0780-4f39-5720ee151cd0}.Debug|Any CPU.ActiveCfg = Debug|Any CPU
		{1698991c-a558-0780-4f39-5720ee151cd0}.Debug|Any CPU.Build.0 = Debug|Any CPU
		{d6ba7eee-21d9-988c-db04-84871a7170c5}.Debug|Any CPU.ActiveCfg = Debug|Any CPU
		{d6ba7eee-21d9-988c-db04-84871a7170c5}.Debug|Any CPU.Build.0 = Debug|Any CPU
		{7a84875b-083a-61f9-0fac-8aeb7d3bb7ec}.Debug|Any CPU.ActiveCfg = Debug|Any CPU
		{7a84875b-083a-61f9-0fac-8aeb7d3bb7ec}.Debug|Any CPU.Build.0 = Debug|Any CPU
		{36ca536a-0679-bb54-85f0-2e13431d0a94}.Debug|Any CPU.ActiveCfg = Debug|Any CPU
		{36ca536a-0679-bb54-85f0-2e13431d0a94}.Debug|Any CPU.Build.0 = Debug|Any CPU
		{9b5f4fd4-d29a-ee27-a50f-b49afe38e666}.Debug|Any CPU.ActiveCfg = Debug|Any CPU
		{9b5f4fd4-d29a-ee27-a50f-b49afe38e666}.Debug|Any CPU.Build.0 = Debug|Any CPU
		{abfa161e-29a4-a497-4c46-d39088525d26}.Debug|Any CPU.ActiveCfg = Debug|Any CPU
		{abfa161e-29a4-a497-4c46-d39088525d26}.Debug|Any CPU.Build.0 = Debug|Any CPU
		{d44a7fda-8fe1-924e-d7bd-8ce4a11d87f4}.Debug|Any CPU.ActiveCfg = Debug|Any CPU
		{d44a7fda-8fe1-924e-d7bd-8ce4a11d87f4}.Debug|Any CPU.Build.0 = Debug|Any CPU
		{5c32dda7-b0a8-0add-28c0-a626d3f930e1}.Debug|Any CPU.ActiveCfg = Debug|Any CPU
		{5c32dda7-b0a8-0add-28c0-a626d3f930e1}.Debug|Any CPU.Build.0 = Debug|Any CPU
		{d4c4da92-1486-961d-453d-47efb547cb74}.Debug|Any CPU.ActiveCfg = Debug|Any CPU
		{d4c4da92-1486-961d-453d-47efb547cb74}.Debug|Any CPU.Build.0 = Debug|Any CPU
		{8d95a285-78b3-b707-f8b3-635903f60ad2}.Debug|Any CPU.ActiveCfg = Debug|Any CPU
		{8d95a285-78b3-b707-f8b3-635903f60ad2}.Debug|Any CPU.Build.0 = Debug|Any CPU
		{a3133bb3-31e8-e0af-3e09-dd0ce00f9867}.Debug|Any CPU.ActiveCfg = Debug|Any CPU
		{a3133bb3-31e8-e0af-3e09-dd0ce00f9867}.Debug|Any CPU.Build.0 = Debug|Any CPU
		{6df2fc95-7504-8916-be32-20daec9bb02a}.Debug|Any CPU.ActiveCfg = Debug|Any CPU
		{6df2fc95-7504-8916-be32-20daec9bb02a}.Debug|Any CPU.Build.0 = Debug|Any CPU
		{4da27dac-89fb-d331-24fa-1087c63b1541}.Debug|Any CPU.ActiveCfg = Debug|Any CPU
		{4da27dac-89fb-d331-24fa-1087c63b1541}.Debug|Any CPU.Build.0 = Debug|Any CPU
		{1159095b-5294-2d4f-438a-2a8f232230ba}.Debug|Any CPU.ActiveCfg = Debug|Any CPU
		{1159095b-5294-2d4f-438a-2a8f232230ba}.Debug|Any CPU.Build.0 = Debug|Any CPU
		{d29866f4-f26c-224b-a155-69649a1f011b}.Debug|Any CPU.ActiveCfg = Debug|Any CPU
		{d29866f4-f26c-224b-a155-69649a1f011b}.Debug|Any CPU.Build.0 = Debug|Any CPU
		{72669182-b3de-ae06-ebc2-0214801db0ab}.Debug|Any CPU.ActiveCfg = Debug|Any CPU
		{72669182-b3de-ae06-ebc2-0214801db0ab}.Debug|Any CPU.Build.0 = Debug|Any CPU
		{5747f025-b609-e7fa-f79f-d5d7940381d4}.Debug|Any CPU.ActiveCfg = Debug|Any CPU
		{5747f025-b609-e7fa-f79f-d5d7940381d4}.Debug|Any CPU.Build.0 = Debug|Any CPU
		{6f58d0c2-206a-7486-ddc6-3a67c89da200}.Debug|Any CPU.ActiveCfg = Debug|Any CPU
		{6f58d0c2-206a-7486-ddc6-3a67c89da200}.Debug|Any CPU.Build.0 = Debug|Any CPU
		{8af97b73-ef45-51a0-9ae2-31477def2bfb}.Debug|Any CPU.ActiveCfg = Debug|Any CPU
		{8af97b73-ef45-51a0-9ae2-31477def2bfb}.Debug|Any CPU.Build.0 = Debug|Any CPU
		{f9b4211b-f603-aeec-463c-86863c928c15}.Debug|Any CPU.ActiveCfg = Debug|Any CPU
		{f9b4211b-f603-aeec-463c-86863c928c15}.Debug|Any CPU.Build.0 = Debug|Any CPU
		{c6930c98-aae7-b358-0d39-0ff43c3c9dcd}.Debug|Any CPU.ActiveCfg = Debug|Any CPU
		{c6930c98-aae7-b358-0d39-0ff43c3c9dcd}.Debug|Any CPU.Build.0 = Debug|Any CPU
		{32e1eb76-e56b-a287-a633-d132eaf6bb86}.Debug|Any CPU.ActiveCfg = Debug|Any CPU
		{32e1eb76-e56b-a287-a633-d132eaf6bb86}.Debug|Any CPU.Build.0 = Debug|Any CPU
		{f2ab50ed-05f1-49c2-81ea-b33b381b631f}.Debug|Any CPU.ActiveCfg = Debug|Any CPU
		{f2ab50ed-05f1-49c2-81ea-b33b381b631f}.Debug|Any CPU.Build.0 = Debug|Any CPU
		{ae51b3b3-82a3-402b-6afb-cd667ca495f9}.Debug|Any CPU.ActiveCfg = Debug|Any CPU
		{ae51b3b3-82a3-402b-6afb-cd667ca495f9}.Debug|Any CPU.Build.0 = Debug|Any CPU
		{93f358df-21cc-2e38-8703-e3e380ab4071}.Debug|Any CPU.ActiveCfg = Debug|Any CPU
		{93f358df-21cc-2e38-8703-e3e380ab4071}.Debug|Any CPU.Build.0 = Debug|Any CPU
		{365bcc26-b7d0-a07a-1cd4-68ff86359ef8}.Debug|Any CPU.ActiveCfg = Debug|Any CPU
		{365bcc26-b7d0-a07a-1cd4-68ff86359ef8}.Debug|Any CPU.Build.0 = Debug|Any CPU
		{5e264b3f-fbfd-ec3f-ce42-a260735f93dc}.Debug|Any CPU.ActiveCfg = Debug|Any CPU
		{5e264b3f-fbfd-ec3f-ce42-a260735f93dc}.Debug|Any CPU.Build.0 = Debug|Any CPU
		{8d4b7add-dc84-958e-6094-e6e5800aa8d6}.Debug|Any CPU.ActiveCfg = Debug|Any CPU
		{8d4b7add-dc84-958e-6094-e6e5800aa8d6}.Debug|Any CPU.Build.0 = Debug|Any CPU
		{45957527-37b1-c642-d16f-cfef9e6e9b29}.Debug|Any CPU.ActiveCfg = Debug|Any CPU
		{45957527-37b1-c642-d16f-cfef9e6e9b29}.Debug|Any CPU.Build.0 = Debug|Any CPU
		{55686284-f575-efb7-4581-c8d9eeb4bcf3}.Debug|Any CPU.ActiveCfg = Debug|Any CPU
		{55686284-f575-efb7-4581-c8d9eeb4bcf3}.Debug|Any CPU.Build.0 = Debug|Any CPU
		{04f1600d-85bc-2028-d142-6c3b3444c227}.Debug|Any CPU.ActiveCfg = Debug|Any CPU
		{04f1600d-85bc-2028-d142-6c3b3444c227}.Debug|Any CPU.Build.0 = Debug|Any CPU
		{2eb85ee3-21ac-560c-3e5f-04823ac6136c}.Debug|Any CPU.ActiveCfg = Debug|Any CPU
		{2eb85ee3-21ac-560c-3e5f-04823ac6136c}.Debug|Any CPU.Build.0 = Debug|Any CPU
		{70ab0928-caa7-ab4e-234b-08cf1bd0f7f1}.Debug|Any CPU.ActiveCfg = Debug|Any CPU
		{70ab0928-caa7-ab4e-234b-08cf1bd0f7f1}.Debug|Any CPU.Build.0 = Debug|Any CPU
		{c68ee8d4-f9a6-ab8d-48f6-b5e8e9b49ec6}.Debug|Any CPU.ActiveCfg = Debug|Any CPU
		{c68ee8d4-f9a6-ab8d-48f6-b5e8e9b49ec6}.Debug|Any CPU.Build.0 = Debug|Any CPU
		{6b279fc7-aa36-7fad-e272-b19eefdfbb38}.Debug|Any CPU.ActiveCfg = Debug|Any CPU
		{6b279fc7-aa36-7fad-e272-b19eefdfbb38}.Debug|Any CPU.Build.0 = Debug|Any CPU
		{672cf87f-24b5-a057-9bf0-386e00634530}.Debug|Any CPU.ActiveCfg = Debug|Any CPU
		{672cf87f-24b5-a057-9bf0-386e00634530}.Debug|Any CPU.Build.0 = Debug|Any CPU
		{8732a174-5d5d-4a3d-ef7d-56fef253a340}.Debug|Any CPU.ActiveCfg = Debug|Any CPU
		{8732a174-5d5d-4a3d-ef7d-56fef253a340}.Debug|Any CPU.Build.0 = Debug|Any CPU
		{e0ec7a4c-f1a3-93a7-4412-1793cc568f3e}.Debug|Any CPU.ActiveCfg = Debug|Any CPU
		{e0ec7a4c-f1a3-93a7-4412-1793cc568f3e}.Debug|Any CPU.Build.0 = Debug|Any CPU
		{bdb715d1-a45c-6f5a-d317-360b111e6f0a}.Debug|Any CPU.ActiveCfg = Debug|Any CPU
		{bdb715d1-a45c-6f5a-d317-360b111e6f0a}.Debug|Any CPU.Build.0 = Debug|Any CPU
		{141ca84a-cedb-d7b1-2809-2f20883b3f15}.Debug|Any CPU.ActiveCfg = Debug|Any CPU
		{141ca84a-cedb-d7b1-2809-2f20883b3f15}.Debug|Any CPU.Build.0 = Debug|Any CPU
		{596a460a-54e3-678f-cc01-cda7067b9346}.Debug|Any CPU.ActiveCfg = Debug|Any CPU
		{596a460a-54e3-678f-cc01-cda7067b9346}.Debug|Any CPU.Build.0 = Debug|Any CPU
		{4f938dc6-9429-0c06-eea3-266e65dcc254}.Debug|Any CPU.ActiveCfg = Debug|Any CPU
		{4f938dc6-9429-0c06-eea3-266e65dcc254}.Debug|Any CPU.Build.0 = Debug|Any CPU
		{697c2185-a886-b6e6-c8b0-a027b5ef1e4c}.Debug|Any CPU.ActiveCfg = Debug|Any CPU
		{697c2185-a886-b6e6-c8b0-a027b5ef1e4c}.Debug|Any CPU.Build.0 = Debug|Any CPU
		{75001d15-2157-b895-16e0-d2349d59123b}.Debug|Any CPU.ActiveCfg = Debug|Any CPU
		{75001d15-2157-b895-16e0-d2349d59123b}.Debug|Any CPU.Build.0 = Debug|Any CPU
		{45a0bff7-a263-47ec-261c-beda6dd161c1}.Debug|Any CPU.ActiveCfg = Debug|Any CPU
		{45a0bff7-a263-47ec-261c-beda6dd161c1}.Debug|Any CPU.Build.0 = Debug|Any CPU
		{ce721a35-b42e-c8b6-9114-0a9ed0bae2c5}.Debug|Any CPU.ActiveCfg = Debug|Any CPU
		{ce721a35-b42e-c8b6-9114-0a9ed0bae2c5}.Debug|Any CPU.Build.0 = Debug|Any CPU
		{ac933e63-45b6-dd60-9289-e56058b84a6a}.Debug|Any CPU.ActiveCfg = Debug|Any CPU
		{ac933e63-45b6-dd60-9289-e56058b84a6a}.Debug|Any CPU.Build.0 = Debug|Any CPU
		{0054af4b-f2fe-f393-5d45-1f2c8d8a8ca1}.Debug|Any CPU.ActiveCfg = Debug|Any CPU
		{0054af4b-f2fe-f393-5d45-1f2c8d8a8ca1}.Debug|Any CPU.Build.0 = Debug|Any CPU
		{6f3e032f-e871-e461-58ee-49163999ec47}.Debug|Any CPU.ActiveCfg = Debug|Any CPU
		{6f3e032f-e871-e461-58ee-49163999ec47}.Debug|Any CPU.Build.0 = Debug|Any CPU
		{c34d2b3a-d364-cd26-49f0-89f55266dcff}.Debug|Any CPU.ActiveCfg = Debug|Any CPU
		{c34d2b3a-d364-cd26-49f0-89f55266dcff}.Debug|Any CPU.Build.0 = Debug|Any CPU
		{61505938-e7c3-4476-22fc-43d3e85b856c}.Debug|Any CPU.ActiveCfg = Debug|Any CPU
		{61505938-e7c3-4476-22fc-43d3e85b856c}.Debug|Any CPU.Build.0 = Debug|Any CPU
		{e7e49f9b-7eed-d5bc-caa4-2724e5c0fd24}.Debug|Any CPU.ActiveCfg = Debug|Any CPU
		{e7e49f9b-7eed-d5bc-caa4-2724e5c0fd24}.Debug|Any CPU.Build.0 = Debug|Any CPU
		{6617fb73-8920-a2d6-d2c4-f7aaf345a264}.Debug|Any CPU.ActiveCfg = Debug|Any CPU
		{6617fb73-8920-a2d6-d2c4-f7aaf345a264}.Debug|Any CPU.Build.0 = Debug|Any CPU
		{c95042d5-80c4-8829-878f-3b8a7136cec9}.Debug|Any CPU.ActiveCfg = Debug|Any CPU
		{c95042d5-80c4-8829-878f-3b8a7136cec9}.Debug|Any CPU.Build.0 = Debug|Any CPU
		{f99b24a9-0240-dfc9-c38c-e5d38d35f495}.Debug|Any CPU.ActiveCfg = Debug|Any CPU
		{f99b24a9-0240-dfc9-c38c-e5d38d35f495}.Debug|Any CPU.Build.0 = Debug|Any CPU
		{21c91a79-3996-275c-2a26-600f115e81d7}.Debug|Any CPU.ActiveCfg = Debug|Any CPU
		{21c91a79-3996-275c-2a26-600f115e81d7}.Debug|Any CPU.Build.0 = Debug|Any CPU
		{2a4b340c-1bb5-c4e2-b40f-6ee1ed0e8501}.Debug|Any CPU.ActiveCfg = Debug|Any CPU
		{2a4b340c-1bb5-c4e2-b40f-6ee1ed0e8501}.Debug|Any CPU.Build.0 = Debug|Any CPU
		{36248473-b995-93e8-11a6-089b45571ee5}.Debug|Any CPU.ActiveCfg = Debug|Any CPU
		{36248473-b995-93e8-11a6-089b45571ee5}.Debug|Any CPU.Build.0 = Debug|Any CPU
		{8a75550f-7f0d-1913-4d84-f0e8a6515318}.Debug|Any CPU.ActiveCfg = Debug|Any CPU
		{8a75550f-7f0d-1913-4d84-f0e8a6515318}.Debug|Any CPU.Build.0 = Debug|Any CPU
		{10a668e1-f995-064a-0e16-9cd9609f26b1}.Debug|Any CPU.ActiveCfg = Debug|Any CPU
		{10a668e1-f995-064a-0e16-9cd9609f26b1}.Debug|Any CPU.Build.0 = Debug|Any CPU
		{b57722ac-6b5f-32db-cfc8-3db2266b1efc}.Debug|Any CPU.ActiveCfg = Debug|Any CPU
		{b57722ac-6b5f-32db-cfc8-3db2266b1efc}.Debug|Any CPU.Build.0 = Debug|Any CPU
		{362f8122-7542-44eb-561b-47ce4d89d47d}.Debug|Any CPU.ActiveCfg = Debug|Any CPU
		{362f8122-7542-44eb-561b-47ce4d89d47d}.Debug|Any CPU.Build.0 = Debug|Any CPU
		{ffab655e-960d-61ce-b1e0-2756bf7b4b89}.Debug|Any CPU.ActiveCfg = Debug|Any CPU
		{ffab655e-960d-61ce-b1e0-2756bf7b4b89}.Debug|Any CPU.Build.0 = Debug|Any CPU
		{fb3fc576-a63d-d588-c3ac-157ce12927de}.Debug|Any CPU.ActiveCfg = Debug|Any CPU
		{fb3fc576-a63d-d588-c3ac-157ce12927de}.Debug|Any CPU.Build.0 = Debug|Any CPU
		{9445fd7c-e06d-4d4b-2ae6-e5f78ad4413e}.Debug|Any CPU.ActiveCfg = Debug|Any CPU
		{9445fd7c-e06d-4d4b-2ae6-e5f78ad4413e}.Debug|Any CPU.Build.0 = Debug|Any CPU
	EndGlobalSection
	GlobalSection(SolutionProperties) = preSolution
		HideSolutionNode = FALSE
	EndGlobalSection
EndGlobal
