
Microsoft Visual Studio Solution File, Format Version 11.00
# Visual Studio 2010
Project("{FAE04EC0-301F-11D3-BF4B-00C04F79EFBC}") = "Assembly-CSharp", "Assembly-CSharp.csproj", "{a3133bb3-31e8-e0af-3e09-dd0ce00f9867}"
EndProject
Project("{FAE04EC0-301F-11D3-BF4B-00C04F79EFBC}") = "Assembly-CSharp-Editor", "Assembly-CSharp-Editor.csproj", "{45957527-37b1-c642-d16f-cfef9e6e9b29}"
EndProject
Global
	GlobalSection(SolutionConfigurationPlatforms) = preSolution
		Debug|Any CPU = Debug|Any CPU
	EndGlobalSection
	GlobalSection(ProjectConfigurationPlatforms) = postSolution
		{a3133bb3-31e8-e0af-3e09-dd0ce00f9867}.Debug|Any CPU.ActiveCfg = Debug|Any CPU
		{a3133bb3-31e8-e0af-3e09-dd0ce00f9867}.Debug|Any CPU.Build.0 = Debug|Any CPU
		{45957527-37b1-c642-d16f-cfef9e6e9b29}.Debug|Any CPU.ActiveCfg = Debug|Any CPU
		{45957527-37b1-c642-d16f-cfef9e6e9b29}.Debug|Any CPU.Build.0 = Debug|Any CPU
	EndGlobalSection
	GlobalSection(SolutionProperties) = preSolution
		HideSolutionNode = FALSE
	EndGlobalSection
EndGlobal
