
Microsoft Visual Studio Solution File, Format Version 12.00
# Visual Studio 15
Project("{FAE04EC0-301F-11D3-BF4B-00C04F79EFBC}") = "Unity.Timeline", "Unity.Timeline.csproj", "{1E26028B-17E1-EDB6-1654-3B31748974C2}"
EndProject
Project("{FAE04EC0-301F-11D3-BF4B-00C04F79EFBC}") = "Unity.InputSystem", "Unity.InputSystem.csproj", "{7DFA335B-3A36-7E6C-3500-44713356F17D}"
EndProject
Project("{FAE04EC0-301F-11D3-BF4B-00C04F79EFBC}") = "Unity.Timeline.Editor", "Unity.Timeline.Editor.csproj", "{24C64DEA-2D59-A6EA-81B2-DF9CBE6EB314}"
EndProject
Project("{FAE04EC0-301F-11D3-BF4B-00C04F79EFBC}") = "Unity.Mathematics", "Unity.Mathematics.csproj", "{663811A7-A96C-3543-95AB-AD57E647DE2A}"
EndProject
Project("{FAE04EC0-301F-11D3-BF4B-00C04F79EFBC}") = "Unity.Collections", "Unity.Collections.csproj", "{154A01B0-281E-0FDD-F451-EB70C464B409}"
EndProject
Project("{FAE04EC0-301F-11D3-BF4B-00C04F79EFBC}") = "UnityEditor.TestRunner", "UnityEditor.TestRunner.csproj", "{80013E22-A166-601B-FF99-2A740047DC40}"
EndProject
Project("{FAE04EC0-301F-11D3-BF4B-00C04F79EFBC}") = "Unity.PerformanceTesting.Editor", "Unity.PerformanceTesting.Editor.csproj", "{1C999816-58A5-8007-4F39-5720EE151CD0}"
EndProject
Project("{FAE04EC0-301F-11D3-BF4B-00C04F79EFBC}") = "UnityEngine.TestRunner", "UnityEngine.TestRunner.csproj", "{EE7EBAD6-D921-8C98-DB04-84871A7170C5}"
EndProject
Project("{FAE04EC0-301F-11D3-BF4B-00C04F79EFBC}") = "Unity.Searcher.Editor", "Unity.Searcher.Editor.csproj", "{5B87847A-3A08-F961-0FAC-8AEB7D3BB7EC}"
EndProject
Project("{FAE04EC0-301F-11D3-BF4B-00C04F79EFBC}") = "Unity.Burst", "Unity.Burst.csproj", "{6A53CA36-7906-54BB-85F0-2E13431D0A94}"
EndProject
Project("{FAE04EC0-301F-11D3-BF4B-00C04F79EFBC}") = "Autodesk.Fbx", "Autodesk.Fbx.csproj", "{D44F5F9B-9AD2-27EE-A50F-B49AFE38E666}"
EndProject
Project("{FAE04EC0-301F-11D3-BF4B-00C04F79EFBC}") = "Unity.AI.Navigation.Editor", "Unity.AI.Navigation.Editor.csproj", "{1E16FAAB-A429-97A4-4C46-D39088525D26}"
EndProject
Project("{FAE04EC0-301F-11D3-BF4B-00C04F79EFBC}") = "Unity.Animation.Rigging", "Unity.Animation.Rigging.csproj", "{DA7F4AD4-E18F-4E92-D7BD-8CE4A11D87F4}"
EndProject
Project("{FAE04EC0-301F-11D3-BF4B-00C04F79EFBC}") = "Cinemachine", "Cinemachine.csproj", "{A7DD325C-A8B0-DD0A-28C0-A626D3F930E1}"
EndProject
Project("{FAE04EC0-301F-11D3-BF4B-00C04F79EFBC}") = "Unity.VisualStudio.Editor", "Unity.VisualStudio.Editor.csproj", "{92DAC4D4-8614-1D96-453D-47EFB547CB74}"
EndProject
Project("{FAE04EC0-301F-11D3-BF4B-00C04F79EFBC}") = "Unity.Animation.Rigging.Editor", "Unity.Animation.Rigging.Editor.csproj", "{85A2958D-B378-07B7-F8B3-635903F60AD2}"
EndProject
Project("{FAE04EC0-301F-11D3-BF4B-00C04F79EFBC}") = "Assembly-CSharp", "Assembly-CSharp.csproj", "{B33B13A3-E831-AFE0-3E09-DD0CE00F9867}"
EndProject
Project("{FAE04EC0-301F-11D3-BF4B-00C04F79EFBC}") = "Unity.TestTools.CodeCoverage.Editor.OpenCover.Model", "Unity.TestTools.CodeCoverage.Editor.OpenCover.Model.csproj", "{95FCF26D-0475-1689-BE32-20DAEC9BB02A}"
EndProject
Project("{FAE04EC0-301F-11D3-BF4B-00C04F79EFBC}") = "Unity.Rider.Editor", "Unity.Rider.Editor.csproj", "{AC7DA24D-FB89-31D3-24FA-1087C63B1541}"
EndProject
Project("{FAE04EC0-301F-11D3-BF4B-00C04F79EFBC}") = "com.unity.cinemachine.editor", "com.unity.cinemachine.editor.csproj", "{5B095911-9452-4F2D-438A-2A8F232230BA}"
EndProject
Project("{FAE04EC0-301F-11D3-BF4B-00C04F79EFBC}") = "Unity.AI.Navigation.Editor.ConversionSystem", "Unity.AI.Navigation.Editor.ConversionSystem.csproj", "{F46698D2-6CF2-4B22-A155-69649A1F011B}"
EndProject
Project("{FAE04EC0-301F-11D3-BF4B-00C04F79EFBC}") = "Unity.TestTools.CodeCoverage.Editor", "Unity.TestTools.CodeCoverage.Editor.csproj", "{82916672-DEB3-06AE-EBC2-0214801DB0AB}"
EndProject
Project("{FAE04EC0-301F-11D3-BF4B-00C04F79EFBC}") = "Unity.Burst.CodeGen", "Unity.Burst.CodeGen.csproj", "{25F04757-09B6-FAE7-F79F-D5D7940381D4}"
EndProject
Project("{FAE04EC0-301F-11D3-BF4B-00C04F79EFBC}") = "Unity.PerformanceTesting", "Unity.PerformanceTesting.csproj", "{C2D0586F-6A20-8674-DDC6-3A67C89DA200}"
EndProject
Project("{FAE04EC0-301F-11D3-BF4B-00C04F79EFBC}") = "Unity.AI.Navigation", "Unity.AI.Navigation.csproj", "{737BF98A-45EF-A051-9AE2-31477DEF2BFB}"
EndProject
Project("{FAE04EC0-301F-11D3-BF4B-00C04F79EFBC}") = "Unity.Formats.Fbx.Runtime", "Unity.Formats.Fbx.Runtime.csproj", "{1B21B4F9-03F6-ECAE-463C-86863C928C15}"
EndProject
Project("{FAE04EC0-301F-11D3-BF4B-00C04F79EFBC}") = "Unity.Performance.Profile-Analyzer.Editor", "Unity.Performance.Profile-Analyzer.Editor.csproj", "{980C93C6-E7AA-58B3-0D39-0FF43C3C9DCD}"
EndProject
Project("{FAE04EC0-301F-11D3-BF4B-00C04F79EFBC}") = "Unity.Toolchain.Linux-x86_64", "Unity.Toolchain.Linux-x86_64.csproj", "{76EBE132-6BE5-87A2-A633-D132EAF6BB86}"
EndProject
Project("{FAE04EC0-301F-11D3-BF4B-00C04F79EFBC}") = "Unity.Burst.Editor", "Unity.Burst.Editor.csproj", "{ED50ABF2-F105-C249-81EA-B33B381B631F}"
EndProject
Project("{FAE04EC0-301F-11D3-BF4B-00C04F79EFBC}") = "Unity.TestTools.CodeCoverage.Editor.OpenCover.Mono.Reflection", "Unity.TestTools.CodeCoverage.Editor.OpenCover.Mono.Reflection.csproj", "{B3B351AE-A382-2B40-6AFB-CD667CA495F9}"
EndProject
Project("{FAE04EC0-301F-11D3-BF4B-00C04F79EFBC}") = "Unity.Sysroot.Linux_x86_64", "Unity.Sysroot.Linux_x86_64.csproj", "{DF58F393-CC21-382E-8703-E3E380AB4071}"
EndProject
Project("{FAE04EC0-301F-11D3-BF4B-00C04F79EFBC}") = "Unity.Formats.Fbx.Editor", "Unity.Formats.Fbx.Editor.csproj", "{26CC5B36-D0B7-7AA0-1CD4-68FF86359EF8}"
EndProject
Project("{FAE04EC0-301F-11D3-BF4B-00C04F79EFBC}") = "Unity.AI.Navigation.Updater", "Unity.AI.Navigation.Updater.csproj", "{3F4B265E-FDFB-3FEC-CE42-A260735F93DC}"
EndProject
Project("{FAE04EC0-301F-11D3-BF4B-00C04F79EFBC}") = "Unity.Settings.Editor", "Unity.Settings.Editor.csproj", "{DD7A4B8D-84DC-8E95-6094-E6E5800AA8D6}"
EndProject
Project("{FAE04EC0-301F-11D3-BF4B-00C04F79EFBC}") = "Assembly-CSharp-Editor", "Assembly-CSharp-Editor.csproj", "{27759545-B137-42C6-D16F-CFEF9E6E9B29}"
EndProject
Project("{FAE04EC0-301F-11D3-BF4B-00C04F79EFBC}") = "Unity.InputSystem.ForUI", "Unity.InputSystem.ForUI.csproj", "{84626855-75F5-B7EF-4581-C8D9EEB4BCF3}"
EndProject
Project("{FAE04EC0-301F-11D3-BF4B-00C04F79EFBC}") = "Unity.Collections.CodeGen", "Unity.Collections.CodeGen.csproj", "{0D60F104-BC85-2820-D142-6C3B3444C227}"
EndProject
Project("{FAE04EC0-301F-11D3-BF4B-00C04F79EFBC}") = "Unity.Mathematics.Editor", "Unity.Mathematics.Editor.csproj", "{E35EB82E-AC21-0C56-3E5F-04823AC6136C}"
EndProject
Project("{FAE04EC0-301F-11D3-BF4B-00C04F79EFBC}") = "Unity.InputSystem.TestFramework", "Unity.InputSystem.TestFramework.csproj", "{2809AB70-A7CA-4EAB-234B-08CF1BD0F7F1}"
EndProject
Project("{FAE04EC0-301F-11D3-BF4B-00C04F79EFBC}") = "Unity.SysrootPackage.Editor", "Unity.SysrootPackage.Editor.csproj", "{D4E88EC6-A6F9-8DAB-48F6-B5E8E9B49EC6}"
EndProject
Project("{FAE04EC0-301F-11D3-BF4B-00C04F79EFBC}") = "Unity.EditorCoroutines.Editor", "Unity.EditorCoroutines.Editor.csproj", "{C79F276B-36AA-AD7F-E272-B19EEFDFBB38}"
EndProject
Project("{FAE04EC0-301F-11D3-BF4B-00C04F79EFBC}") = "Unity.Animation.Rigging.DocCodeExamples", "Unity.Animation.Rigging.DocCodeExamples.csproj", "{7FF82C67-B524-57A0-9BF0-386E00634530}"
EndProject
Project("{FAE04EC0-301F-11D3-BF4B-00C04F79EFBC}") = "Autodesk.Fbx.Editor", "Autodesk.Fbx.Editor.csproj", "{74A13287-5D5D-3D4A-EF7D-56FEF253A340}"
EndProject
Project("{FAE04EC0-301F-11D3-BF4B-00C04F79EFBC}") = "Unity.Collections.Editor", "Unity.Collections.Editor.csproj", "{4C7AECE0-A3F1-A793-4412-1793CC568F3E}"
EndProject
Project("{FAE04EC0-301F-11D3-BF4B-00C04F79EFBC}") = "Autodesk.Fbx.BuildTestAssets", "Autodesk.Fbx.BuildTestAssets.csproj", "{D115B7BD-5CA4-5A6F-D317-360B111E6F0A}"
EndProject
Global
	GlobalSection(SolutionConfigurationPlatforms) = preSolution
		Debug|Any CPU = Debug|Any CPU
		Release|Any CPU = Release|Any CPU
	EndGlobalSection
	GlobalSection(ProjectConfigurationPlatforms) = postSolution
		{1E26028B-17E1-EDB6-1654-3B31748974C2}.Debug|Any CPU.ActiveCfg = Debug|Any CPU
		{1E26028B-17E1-EDB6-1654-3B31748974C2}.Debug|Any CPU.Build.0 = Debug|Any CPU
		{1E26028B-17E1-EDB6-1654-3B31748974C2}.Release|Any CPU.ActiveCfg = Release|Any CPU
		{1E26028B-17E1-EDB6-1654-3B31748974C2}.Release|Any CPU.Build.0 = Release|Any CPU
		{7DFA335B-3A36-7E6C-3500-44713356F17D}.Debug|Any CPU.ActiveCfg = Debug|Any CPU
		{7DFA335B-3A36-7E6C-3500-44713356F17D}.Debug|Any CPU.Build.0 = Debug|Any CPU
		{7DFA335B-3A36-7E6C-3500-44713356F17D}.Release|Any CPU.ActiveCfg = Release|Any CPU
		{7DFA335B-3A36-7E6C-3500-44713356F17D}.Release|Any CPU.Build.0 = Release|Any CPU
		{24C64DEA-2D59-A6EA-81B2-DF9CBE6EB314}.Debug|Any CPU.ActiveCfg = Debug|Any CPU
		{24C64DEA-2D59-A6EA-81B2-DF9CBE6EB314}.Debug|Any CPU.Build.0 = Debug|Any CPU
		{24C64DEA-2D59-A6EA-81B2-DF9CBE6EB314}.Release|Any CPU.ActiveCfg = Release|Any CPU
		{24C64DEA-2D59-A6EA-81B2-DF9CBE6EB314}.Release|Any CPU.Build.0 = Release|Any CPU
		{663811A7-A96C-3543-95AB-AD57E647DE2A}.Debug|Any CPU.ActiveCfg = Debug|Any CPU
		{663811A7-A96C-3543-95AB-AD57E647DE2A}.Debug|Any CPU.Build.0 = Debug|Any CPU
		{663811A7-A96C-3543-95AB-AD57E647DE2A}.Release|Any CPU.ActiveCfg = Release|Any CPU
		{663811A7-A96C-3543-95AB-AD57E647DE2A}.Release|Any CPU.Build.0 = Release|Any CPU
		{154A01B0-281E-0FDD-F451-EB70C464B409}.Debug|Any CPU.ActiveCfg = Debug|Any CPU
		{154A01B0-281E-0FDD-F451-EB70C464B409}.Debug|Any CPU.Build.0 = Debug|Any CPU
		{154A01B0-281E-0FDD-F451-EB70C464B409}.Release|Any CPU.ActiveCfg = Release|Any CPU
		{154A01B0-281E-0FDD-F451-EB70C464B409}.Release|Any CPU.Build.0 = Release|Any CPU
		{80013E22-A166-601B-FF99-2A740047DC40}.Debug|Any CPU.ActiveCfg = Debug|Any CPU
		{80013E22-A166-601B-FF99-2A740047DC40}.Debug|Any CPU.Build.0 = Debug|Any CPU
		{80013E22-A166-601B-FF99-2A740047DC40}.Release|Any CPU.ActiveCfg = Release|Any CPU
		{80013E22-A166-601B-FF99-2A740047DC40}.Release|Any CPU.Build.0 = Release|Any CPU
		{1C999816-58A5-8007-4F39-5720EE151CD0}.Debug|Any CPU.ActiveCfg = Debug|Any CPU
		{1C999816-58A5-8007-4F39-5720EE151CD0}.Debug|Any CPU.Build.0 = Debug|Any CPU
		{1C999816-58A5-8007-4F39-5720EE151CD0}.Release|Any CPU.ActiveCfg = Release|Any CPU
		{1C999816-58A5-8007-4F39-5720EE151CD0}.Release|Any CPU.Build.0 = Release|Any CPU
		{EE7EBAD6-D921-8C98-DB04-84871A7170C5}.Debug|Any CPU.ActiveCfg = Debug|Any CPU
		{EE7EBAD6-D921-8C98-DB04-84871A7170C5}.Debug|Any CPU.Build.0 = Debug|Any CPU
		{EE7EBAD6-D921-8C98-DB04-84871A7170C5}.Release|Any CPU.ActiveCfg = Release|Any CPU
		{EE7EBAD6-D921-8C98-DB04-84871A7170C5}.Release|Any CPU.Build.0 = Release|Any CPU
		{5B87847A-3A08-F961-0FAC-8AEB7D3BB7EC}.Debug|Any CPU.ActiveCfg = Debug|Any CPU
		{5B87847A-3A08-F961-0FAC-8AEB7D3BB7EC}.Debug|Any CPU.Build.0 = Debug|Any CPU
		{5B87847A-3A08-F961-0FAC-8AEB7D3BB7EC}.Release|Any CPU.ActiveCfg = Release|Any CPU
		{5B87847A-3A08-F961-0FAC-8AEB7D3BB7EC}.Release|Any CPU.Build.0 = Release|Any CPU
		{6A53CA36-7906-54BB-85F0-2E13431D0A94}.Debug|Any CPU.ActiveCfg = Debug|Any CPU
		{6A53CA36-7906-54BB-85F0-2E13431D0A94}.Debug|Any CPU.Build.0 = Debug|Any CPU
		{6A53CA36-7906-54BB-85F0-2E13431D0A94}.Release|Any CPU.ActiveCfg = Release|Any CPU
		{6A53CA36-7906-54BB-85F0-2E13431D0A94}.Release|Any CPU.Build.0 = Release|Any CPU
		{D44F5F9B-9AD2-27EE-A50F-B49AFE38E666}.Debug|Any CPU.ActiveCfg = Debug|Any CPU
		{D44F5F9B-9AD2-27EE-A50F-B49AFE38E666}.Debug|Any CPU.Build.0 = Debug|Any CPU
		{D44F5F9B-9AD2-27EE-A50F-B49AFE38E666}.Release|Any CPU.ActiveCfg = Release|Any CPU
		{D44F5F9B-9AD2-27EE-A50F-B49AFE38E666}.Release|Any CPU.Build.0 = Release|Any CPU
		{1E16FAAB-A429-97A4-4C46-D39088525D26}.Debug|Any CPU.ActiveCfg = Debug|Any CPU
		{1E16FAAB-A429-97A4-4C46-D39088525D26}.Debug|Any CPU.Build.0 = Debug|Any CPU
		{1E16FAAB-A429-97A4-4C46-D39088525D26}.Release|Any CPU.ActiveCfg = Release|Any CPU
		{1E16FAAB-A429-97A4-4C46-D39088525D26}.Release|Any CPU.Build.0 = Release|Any CPU
		{DA7F4AD4-E18F-4E92-D7BD-8CE4A11D87F4}.Debug|Any CPU.ActiveCfg = Debug|Any CPU
		{DA7F4AD4-E18F-4E92-D7BD-8CE4A11D87F4}.Debug|Any CPU.Build.0 = Debug|Any CPU
		{DA7F4AD4-E18F-4E92-D7BD-8CE4A11D87F4}.Release|Any CPU.ActiveCfg = Release|Any CPU
		{DA7F4AD4-E18F-4E92-D7BD-8CE4A11D87F4}.Release|Any CPU.Build.0 = Release|Any CPU
		{A7DD325C-A8B0-DD0A-28C0-A626D3F930E1}.Debug|Any CPU.ActiveCfg = Debug|Any CPU
		{A7DD325C-A8B0-DD0A-28C0-A626D3F930E1}.Debug|Any CPU.Build.0 = Debug|Any CPU
		{A7DD325C-A8B0-DD0A-28C0-A626D3F930E1}.Release|Any CPU.ActiveCfg = Release|Any CPU
		{A7DD325C-A8B0-DD0A-28C0-A626D3F930E1}.Release|Any CPU.Build.0 = Release|Any CPU
		{92DAC4D4-8614-1D96-453D-47EFB547CB74}.Debug|Any CPU.ActiveCfg = Debug|Any CPU
		{92DAC4D4-8614-1D96-453D-47EFB547CB74}.Debug|Any CPU.Build.0 = Debug|Any CPU
		{92DAC4D4-8614-1D96-453D-47EFB547CB74}.Release|Any CPU.ActiveCfg = Release|Any CPU
		{92DAC4D4-8614-1D96-453D-47EFB547CB74}.Release|Any CPU.Build.0 = Release|Any CPU
		{85A2958D-B378-07B7-F8B3-635903F60AD2}.Debug|Any CPU.ActiveCfg = Debug|Any CPU
		{85A2958D-B378-07B7-F8B3-635903F60AD2}.Debug|Any CPU.Build.0 = Debug|Any CPU
		{85A2958D-B378-07B7-F8B3-635903F60AD2}.Release|Any CPU.ActiveCfg = Release|Any CPU
		{85A2958D-B378-07B7-F8B3-635903F60AD2}.Release|Any CPU.Build.0 = Release|Any CPU
		{B33B13A3-E831-AFE0-3E09-DD0CE00F9867}.Debug|Any CPU.ActiveCfg = Debug|Any CPU
		{B33B13A3-E831-AFE0-3E09-DD0CE00F9867}.Debug|Any CPU.Build.0 = Debug|Any CPU
		{B33B13A3-E831-AFE0-3E09-DD0CE00F9867}.Release|Any CPU.ActiveCfg = Release|Any CPU
		{B33B13A3-E831-AFE0-3E09-DD0CE00F9867}.Release|Any CPU.Build.0 = Release|Any CPU
		{95FCF26D-0475-1689-BE32-20DAEC9BB02A}.Debug|Any CPU.ActiveCfg = Debug|Any CPU
		{95FCF26D-0475-1689-BE32-20DAEC9BB02A}.Debug|Any CPU.Build.0 = Debug|Any CPU
		{95FCF26D-0475-1689-BE32-20DAEC9BB02A}.Release|Any CPU.ActiveCfg = Release|Any CPU
		{95FCF26D-0475-1689-BE32-20DAEC9BB02A}.Release|Any CPU.Build.0 = Release|Any CPU
		{AC7DA24D-FB89-31D3-24FA-1087C63B1541}.Debug|Any CPU.ActiveCfg = Debug|Any CPU
		{AC7DA24D-FB89-31D3-24FA-1087C63B1541}.Debug|Any CPU.Build.0 = Debug|Any CPU
		{AC7DA24D-FB89-31D3-24FA-1087C63B1541}.Release|Any CPU.ActiveCfg = Release|Any CPU
		{AC7DA24D-FB89-31D3-24FA-1087C63B1541}.Release|Any CPU.Build.0 = Release|Any CPU
		{5B095911-9452-4F2D-438A-2A8F232230BA}.Debug|Any CPU.ActiveCfg = Debug|Any CPU
		{5B095911-9452-4F2D-438A-2A8F232230BA}.Debug|Any CPU.Build.0 = Debug|Any CPU
		{5B095911-9452-4F2D-438A-2A8F232230BA}.Release|Any CPU.ActiveCfg = Release|Any CPU
		{5B095911-9452-4F2D-438A-2A8F232230BA}.Release|Any CPU.Build.0 = Release|Any CPU
		{F46698D2-6CF2-4B22-A155-69649A1F011B}.Debug|Any CPU.ActiveCfg = Debug|Any CPU
		{F46698D2-6CF2-4B22-A155-69649A1F011B}.Debug|Any CPU.Build.0 = Debug|Any CPU
		{F46698D2-6CF2-4B22-A155-69649A1F011B}.Release|Any CPU.ActiveCfg = Release|Any CPU
		{F46698D2-6CF2-4B22-A155-69649A1F011B}.Release|Any CPU.Build.0 = Release|Any CPU
		{82916672-DEB3-06AE-EBC2-0214801DB0AB}.Debug|Any CPU.ActiveCfg = Debug|Any CPU
		{82916672-DEB3-06AE-EBC2-0214801DB0AB}.Debug|Any CPU.Build.0 = Debug|Any CPU
		{82916672-DEB3-06AE-EBC2-0214801DB0AB}.Release|Any CPU.ActiveCfg = Release|Any CPU
		{82916672-DEB3-06AE-EBC2-0214801DB0AB}.Release|Any CPU.Build.0 = Release|Any CPU
		{25F04757-09B6-FAE7-F79F-D5D7940381D4}.Debug|Any CPU.ActiveCfg = Debug|Any CPU
		{25F04757-09B6-FAE7-F79F-D5D7940381D4}.Debug|Any CPU.Build.0 = Debug|Any CPU
		{25F04757-09B6-FAE7-F79F-D5D7940381D4}.Release|Any CPU.ActiveCfg = Release|Any CPU
		{25F04757-09B6-FAE7-F79F-D5D7940381D4}.Release|Any CPU.Build.0 = Release|Any CPU
		{C2D0586F-6A20-8674-DDC6-3A67C89DA200}.Debug|Any CPU.ActiveCfg = Debug|Any CPU
		{C2D0586F-6A20-8674-DDC6-3A67C89DA200}.Debug|Any CPU.Build.0 = Debug|Any CPU
		{C2D0586F-6A20-8674-DDC6-3A67C89DA200}.Release|Any CPU.ActiveCfg = Release|Any CPU
		{C2D0586F-6A20-8674-DDC6-3A67C89DA200}.Release|Any CPU.Build.0 = Release|Any CPU
		{737BF98A-45EF-A051-9AE2-31477DEF2BFB}.Debug|Any CPU.ActiveCfg = Debug|Any CPU
		{737BF98A-45EF-A051-9AE2-31477DEF2BFB}.Debug|Any CPU.Build.0 = Debug|Any CPU
		{737BF98A-45EF-A051-9AE2-31477DEF2BFB}.Release|Any CPU.ActiveCfg = Release|Any CPU
		{737BF98A-45EF-A051-9AE2-31477DEF2BFB}.Release|Any CPU.Build.0 = Release|Any CPU
		{1B21B4F9-03F6-ECAE-463C-86863C928C15}.Debug|Any CPU.ActiveCfg = Debug|Any CPU
		{1B21B4F9-03F6-ECAE-463C-86863C928C15}.Debug|Any CPU.Build.0 = Debug|Any CPU
		{1B21B4F9-03F6-ECAE-463C-86863C928C15}.Release|Any CPU.ActiveCfg = Release|Any CPU
		{1B21B4F9-03F6-ECAE-463C-86863C928C15}.Release|Any CPU.Build.0 = Release|Any CPU
		{980C93C6-E7AA-58B3-0D39-0FF43C3C9DCD}.Debug|Any CPU.ActiveCfg = Debug|Any CPU
		{980C93C6-E7AA-58B3-0D39-0FF43C3C9DCD}.Debug|Any CPU.Build.0 = Debug|Any CPU
		{980C93C6-E7AA-58B3-0D39-0FF43C3C9DCD}.Release|Any CPU.ActiveCfg = Release|Any CPU
		{980C93C6-E7AA-58B3-0D39-0FF43C3C9DCD}.Release|Any CPU.Build.0 = Release|Any CPU
		{76EBE132-6BE5-87A2-A633-D132EAF6BB86}.Debug|Any CPU.ActiveCfg = Debug|Any CPU
		{76EBE132-6BE5-87A2-A633-D132EAF6BB86}.Debug|Any CPU.Build.0 = Debug|Any CPU
		{76EBE132-6BE5-87A2-A633-D132EAF6BB86}.Release|Any CPU.ActiveCfg = Release|Any CPU
		{76EBE132-6BE5-87A2-A633-D132EAF6BB86}.Release|Any CPU.Build.0 = Release|Any CPU
		{ED50ABF2-F105-C249-81EA-B33B381B631F}.Debug|Any CPU.ActiveCfg = Debug|Any CPU
		{ED50ABF2-F105-C249-81EA-B33B381B631F}.Debug|Any CPU.Build.0 = Debug|Any CPU
		{ED50ABF2-F105-C249-81EA-B33B381B631F}.Release|Any CPU.ActiveCfg = Release|Any CPU
		{ED50ABF2-F105-C249-81EA-B33B381B631F}.Release|Any CPU.Build.0 = Release|Any CPU
		{B3B351AE-A382-2B40-6AFB-CD667CA495F9}.Debug|Any CPU.ActiveCfg = Debug|Any CPU
		{B3B351AE-A382-2B40-6AFB-CD667CA495F9}.Debug|Any CPU.Build.0 = Debug|Any CPU
		{B3B351AE-A382-2B40-6AFB-CD667CA495F9}.Release|Any CPU.ActiveCfg = Release|Any CPU
		{B3B351AE-A382-2B40-6AFB-CD667CA495F9}.Release|Any CPU.Build.0 = Release|Any CPU
		{DF58F393-CC21-382E-8703-E3E380AB4071}.Debug|Any CPU.ActiveCfg = Debug|Any CPU
		{DF58F393-CC21-382E-8703-E3E380AB4071}.Debug|Any CPU.Build.0 = Debug|Any CPU
		{DF58F393-CC21-382E-8703-E3E380AB4071}.Release|Any CPU.ActiveCfg = Release|Any CPU
		{DF58F393-CC21-382E-8703-E3E380AB4071}.Release|Any CPU.Build.0 = Release|Any CPU
		{26CC5B36-D0B7-7AA0-1CD4-68FF86359EF8}.Debug|Any CPU.ActiveCfg = Debug|Any CPU
		{26CC5B36-D0B7-7AA0-1CD4-68FF86359EF8}.Debug|Any CPU.Build.0 = Debug|Any CPU
		{26CC5B36-D0B7-7AA0-1CD4-68FF86359EF8}.Release|Any CPU.ActiveCfg = Release|Any CPU
		{26CC5B36-D0B7-7AA0-1CD4-68FF86359EF8}.Release|Any CPU.Build.0 = Release|Any CPU
		{3F4B265E-FDFB-3FEC-CE42-A260735F93DC}.Debug|Any CPU.ActiveCfg = Debug|Any CPU
		{3F4B265E-FDFB-3FEC-CE42-A260735F93DC}.Debug|Any CPU.Build.0 = Debug|Any CPU
		{3F4B265E-FDFB-3FEC-CE42-A260735F93DC}.Release|Any CPU.ActiveCfg = Release|Any CPU
		{3F4B265E-FDFB-3FEC-CE42-A260735F93DC}.Release|Any CPU.Build.0 = Release|Any CPU
		{DD7A4B8D-84DC-8E95-6094-E6E5800AA8D6}.Debug|Any CPU.ActiveCfg = Debug|Any CPU
		{DD7A4B8D-84DC-8E95-6094-E6E5800AA8D6}.Debug|Any CPU.Build.0 = Debug|Any CPU
		{DD7A4B8D-84DC-8E95-6094-E6E5800AA8D6}.Release|Any CPU.ActiveCfg = Release|Any CPU
		{DD7A4B8D-84DC-8E95-6094-E6E5800AA8D6}.Release|Any CPU.Build.0 = Release|Any CPU
		{27759545-B137-42C6-D16F-CFEF9E6E9B29}.Debug|Any CPU.ActiveCfg = Debug|Any CPU
		{27759545-B137-42C6-D16F-CFEF9E6E9B29}.Debug|Any CPU.Build.0 = Debug|Any CPU
		{27759545-B137-42C6-D16F-CFEF9E6E9B29}.Release|Any CPU.ActiveCfg = Release|Any CPU
		{27759545-B137-42C6-D16F-CFEF9E6E9B29}.Release|Any CPU.Build.0 = Release|Any CPU
		{84626855-75F5-B7EF-4581-C8D9EEB4BCF3}.Debug|Any CPU.ActiveCfg = Debug|Any CPU
		{84626855-75F5-B7EF-4581-C8D9EEB4BCF3}.Debug|Any CPU.Build.0 = Debug|Any CPU
		{84626855-75F5-B7EF-4581-C8D9EEB4BCF3}.Release|Any CPU.ActiveCfg = Release|Any CPU
		{84626855-75F5-B7EF-4581-C8D9EEB4BCF3}.Release|Any CPU.Build.0 = Release|Any CPU
		{0D60F104-BC85-2820-D142-6C3B3444C227}.Debug|Any CPU.ActiveCfg = Debug|Any CPU
		{0D60F104-BC85-2820-D142-6C3B3444C227}.Debug|Any CPU.Build.0 = Debug|Any CPU
		{0D60F104-BC85-2820-D142-6C3B3444C227}.Release|Any CPU.ActiveCfg = Release|Any CPU
		{0D60F104-BC85-2820-D142-6C3B3444C227}.Release|Any CPU.Build.0 = Release|Any CPU
		{E35EB82E-AC21-0C56-3E5F-04823AC6136C}.Debug|Any CPU.ActiveCfg = Debug|Any CPU
		{E35EB82E-AC21-0C56-3E5F-04823AC6136C}.Debug|Any CPU.Build.0 = Debug|Any CPU
		{E35EB82E-AC21-0C56-3E5F-04823AC6136C}.Release|Any CPU.ActiveCfg = Release|Any CPU
		{E35EB82E-AC21-0C56-3E5F-04823AC6136C}.Release|Any CPU.Build.0 = Release|Any CPU
		{2809AB70-A7CA-4EAB-234B-08CF1BD0F7F1}.Debug|Any CPU.ActiveCfg = Debug|Any CPU
		{2809AB70-A7CA-4EAB-234B-08CF1BD0F7F1}.Debug|Any CPU.Build.0 = Debug|Any CPU
		{2809AB70-A7CA-4EAB-234B-08CF1BD0F7F1}.Release|Any CPU.ActiveCfg = Release|Any CPU
		{2809AB70-A7CA-4EAB-234B-08CF1BD0F7F1}.Release|Any CPU.Build.0 = Release|Any CPU
		{D4E88EC6-A6F9-8DAB-48F6-B5E8E9B49EC6}.Debug|Any CPU.ActiveCfg = Debug|Any CPU
		{D4E88EC6-A6F9-8DAB-48F6-B5E8E9B49EC6}.Debug|Any CPU.Build.0 = Debug|Any CPU
		{D4E88EC6-A6F9-8DAB-48F6-B5E8E9B49EC6}.Release|Any CPU.ActiveCfg = Release|Any CPU
		{D4E88EC6-A6F9-8DAB-48F6-B5E8E9B49EC6}.Release|Any CPU.Build.0 = Release|Any CPU
		{C79F276B-36AA-AD7F-E272-B19EEFDFBB38}.Debug|Any CPU.ActiveCfg = Debug|Any CPU
		{C79F276B-36AA-AD7F-E272-B19EEFDFBB38}.Debug|Any CPU.Build.0 = Debug|Any CPU
		{C79F276B-36AA-AD7F-E272-B19EEFDFBB38}.Release|Any CPU.ActiveCfg = Release|Any CPU
		{C79F276B-36AA-AD7F-E272-B19EEFDFBB38}.Release|Any CPU.Build.0 = Release|Any CPU
		{7FF82C67-B524-57A0-9BF0-386E00634530}.Debug|Any CPU.ActiveCfg = Debug|Any CPU
		{7FF82C67-B524-57A0-9BF0-386E00634530}.Debug|Any CPU.Build.0 = Debug|Any CPU
		{7FF82C67-B524-57A0-9BF0-386E00634530}.Release|Any CPU.ActiveCfg = Release|Any CPU
		{7FF82C67-B524-57A0-9BF0-386E00634530}.Release|Any CPU.Build.0 = Release|Any CPU
		{74A13287-5D5D-3D4A-EF7D-56FEF253A340}.Debug|Any CPU.ActiveCfg = Debug|Any CPU
		{74A13287-5D5D-3D4A-EF7D-56FEF253A340}.Debug|Any CPU.Build.0 = Debug|Any CPU
		{74A13287-5D5D-3D4A-EF7D-56FEF253A340}.Release|Any CPU.ActiveCfg = Release|Any CPU
		{74A13287-5D5D-3D4A-EF7D-56FEF253A340}.Release|Any CPU.Build.0 = Release|Any CPU
		{4C7AECE0-A3F1-A793-4412-1793CC568F3E}.Debug|Any CPU.ActiveCfg = Debug|Any CPU
		{4C7AECE0-A3F1-A793-4412-1793CC568F3E}.Debug|Any CPU.Build.0 = Debug|Any CPU
		{4C7AECE0-A3F1-A793-4412-1793CC568F3E}.Release|Any CPU.ActiveCfg = Release|Any CPU
		{4C7AECE0-A3F1-A793-4412-1793CC568F3E}.Release|Any CPU.Build.0 = Release|Any CPU
		{D115B7BD-5CA4-5A6F-D317-360B111E6F0A}.Debug|Any CPU.ActiveCfg = Debug|Any CPU
		{D115B7BD-5CA4-5A6F-D317-360B111E6F0A}.Debug|Any CPU.Build.0 = Debug|Any CPU
		{D115B7BD-5CA4-5A6F-D317-360B111E6F0A}.Release|Any CPU.ActiveCfg = Release|Any CPU
		{D115B7BD-5CA4-5A6F-D317-360B111E6F0A}.Release|Any CPU.Build.0 = Release|Any CPU
	EndGlobalSection
	GlobalSection(SolutionProperties) = preSolution
		HideSolutionNode = FALSE
	EndGlobalSection
EndGlobal
